
Microsoft Visual Studio Solution File, Format Version 12.00
# Visual Studio Version 17
VisualStudioVersion = 17.12.35707.178 d17.12
MinimumVisualStudioVersion = 10.0.40219.1
Project("{FAE04EC0-301F-11D3-BF4B-00C04F79EFBC}") = "Code-First-Approach", "Code-First-Approach\Code-First-Approach.csproj", "{62398C67-04A2-448C-80C1-BB42F2B4F925}"
EndProject
Global
	GlobalSection(SolutionConfigurationPlatforms) = preSolution
		Debug|Any CPU = Debug|Any CPU
		Release|Any CPU = Release|Any CPU
	EndGlobalSection
	GlobalSection(ProjectConfigurationPlatforms) = postSolution
		{62398C67-04A2-448C-80C1-BB42F2B4F925}.Debug|Any CPU.ActiveCfg = Debug|Any CPU
		{62398C67-04A2-448C-80C1-BB42F2B4F925}.Debug|Any CPU.Build.0 = Debug|Any CPU
		{62398C67-04A2-448C-80C1-BB42F2B4F925}.Release|Any CPU.ActiveCfg = Release|Any CPU
		{62398C67-04A2-448C-80C1-BB42F2B4F925}.Release|Any CPU.Build.0 = Release|Any CPU
	EndGlobalSection
	GlobalSection(SolutionProperties) = preSolution
		HideSolutionNode = FALSE
	EndGlobalSection
EndGlobal
