
Microsoft Visual Studio Solution File, Format Version 12.00
# Visual Studio Version 17
VisualStudioVersion = 17.14.36518.9 d17.14
MinimumVisualStudioVersion = 10.0.40219.1
Project("{FAE04EC0-301F-11D3-BF4B-00C04F79EFBC}") = "IIS Server and Hosting bundle", "IIS Server and Hosting bundle\IIS Server and Hosting bundle.csproj", "{9DA3D1E9-392E-4118-808A-75B756158A45}"
EndProject
Global
	GlobalSection(SolutionConfigurationPlatforms) = preSolution
		Debug|Any CPU = Debug|Any CPU
		Release|Any CPU = Release|Any CPU
	EndGlobalSection
	GlobalSection(ProjectConfigurationPlatforms) = postSolution
		{9DA3D1E9-392E-4118-808A-75B756158A45}.Debug|Any CPU.ActiveCfg = Debug|Any CPU
		{9DA3D1E9-392E-4118-808A-75B756158A45}.Debug|Any CPU.Build.0 = Debug|Any CPU
		{9DA3D1E9-392E-4118-808A-75B756158A45}.Release|Any CPU.ActiveCfg = Release|Any CPU
		{9DA3D1E9-392E-4118-808A-75B756158A45}.Release|Any CPU.Build.0 = Release|Any CPU
	EndGlobalSection
	GlobalSection(SolutionProperties) = preSolution
		HideSolutionNode = FALSE
	EndGlobalSection
	GlobalSection(ExtensibilityGlobals) = postSolution
		SolutionGuid = {246FA8FF-44AB-429E-A602-99C9FBB83F35}
	EndGlobalSection
EndGlobal
