
Microsoft Visual Studio Solution File, Format Version 12.00
# Visual Studio Version 17
VisualStudioVersion = 17.14.36623.8 d17.14
MinimumVisualStudioVersion = 10.0.40219.1
Project("{FAE04EC0-301F-11D3-BF4B-00C04F79EFBC}") = "WebApiValidationDemo", "WebApiValidationDemo\WebApiValidationDemo.csproj", "{F6CE8E42-FD4D-4A21-8F45-F3884AB15F27}"
EndProject
Global
	GlobalSection(SolutionConfigurationPlatforms) = preSolution
		Debug|Any CPU = Debug|Any CPU
		Release|Any CPU = Release|Any CPU
	EndGlobalSection
	GlobalSection(ProjectConfigurationPlatforms) = postSolution
		{F6CE8E42-FD4D-4A21-8F45-F3884AB15F27}.Debug|Any CPU.ActiveCfg = Debug|Any CPU
		{F6CE8E42-FD4D-4A21-8F45-F3884AB15F27}.Debug|Any CPU.Build.0 = Debug|Any CPU
		{F6CE8E42-FD4D-4A21-8F45-F3884AB15F27}.Release|Any CPU.ActiveCfg = Release|Any CPU
		{F6CE8E42-FD4D-4A21-8F45-F3884AB15F27}.Release|Any CPU.Build.0 = Release|Any CPU
	EndGlobalSection
	GlobalSection(SolutionProperties) = preSolution
		HideSolutionNode = FALSE
	EndGlobalSection
	GlobalSection(ExtensibilityGlobals) = postSolution
		SolutionGuid = {54F54347-18C9-4DCA-8D27-965BA4AAD54B}
	EndGlobalSection
EndGlobal
