
Microsoft Visual Studio Solution File, Format Version 12.00
# Visual Studio Version 17
VisualStudioVersion = 17.14.36623.8 d17.14
MinimumVisualStudioVersion = 10.0.40219.1
Project("{FAE04EC0-301F-11D3-BF4B-00C04F79EFBC}") = "IsolatedFunctionDemo", "IsolatedFunctionDemo\IsolatedFunctionDemo.csproj", "{FA9C5AE9-3B12-4987-9FEB-3FDE4C2516E7}"
EndProject
Global
	GlobalSection(SolutionConfigurationPlatforms) = preSolution
		Debug|Any CPU = Debug|Any CPU
		Release|Any CPU = Release|Any CPU
	EndGlobalSection
	GlobalSection(ProjectConfigurationPlatforms) = postSolution
		{FA9C5AE9-3B12-4987-9FEB-3FDE4C2516E7}.Debug|Any CPU.ActiveCfg = Debug|Any CPU
		{FA9C5AE9-3B12-4987-9FEB-3FDE4C2516E7}.Debug|Any CPU.Build.0 = Debug|Any CPU
		{FA9C5AE9-3B12-4987-9FEB-3FDE4C2516E7}.Release|Any CPU.ActiveCfg = Release|Any CPU
		{FA9C5AE9-3B12-4987-9FEB-3FDE4C2516E7}.Release|Any CPU.Build.0 = Release|Any CPU
	EndGlobalSection
	GlobalSection(SolutionProperties) = preSolution
		HideSolutionNode = FALSE
	EndGlobalSection
	GlobalSection(ExtensibilityGlobals) = postSolution
		SolutionGuid = {A839B240-446C-4CFC-BAD0-DDFAD9B66FC9}
	EndGlobalSection
EndGlobal
