
Microsoft Visual Studio Solution File, Format Version 12.00
# Visual Studio Version 17
VisualStudioVersion = 17.14.36518.9 d17.14
MinimumVisualStudioVersion = 10.0.40219.1
Project("{FAE04EC0-301F-11D3-BF4B-00C04F79EFBC}") = "DotnetRunMessagesDemo", "DotnetRunMessagesDemo\DotnetRunMessagesDemo.csproj", "{9998324D-AC8D-42D4-9209-119F1DA871C0}"
EndProject
Global
	GlobalSection(SolutionConfigurationPlatforms) = preSolution
		Debug|Any CPU = Debug|Any CPU
		Release|Any CPU = Release|Any CPU
	EndGlobalSection
	GlobalSection(ProjectConfigurationPlatforms) = postSolution
		{9998324D-AC8D-42D4-9209-119F1DA871C0}.Debug|Any CPU.ActiveCfg = Debug|Any CPU
		{9998324D-AC8D-42D4-9209-119F1DA871C0}.Debug|Any CPU.Build.0 = Debug|Any CPU
		{9998324D-AC8D-42D4-9209-119F1DA871C0}.Release|Any CPU.ActiveCfg = Release|Any CPU
		{9998324D-AC8D-42D4-9209-119F1DA871C0}.Release|Any CPU.Build.0 = Release|Any CPU
	EndGlobalSection
	GlobalSection(SolutionProperties) = preSolution
		HideSolutionNode = FALSE
	EndGlobalSection
	GlobalSection(ExtensibilityGlobals) = postSolution
		SolutionGuid = {45ADD651-CC77-4FD0-8E55-98C4F16016A0}
	EndGlobalSection
EndGlobal
