
Microsoft Visual Studio Solution File, Format Version 12.00
# Visual Studio Version 17
VisualStudioVersion = 17.14.36623.8 d17.14
MinimumVisualStudioVersion = 10.0.40219.1
Project("{FAE04EC0-301F-11D3-BF4B-00C04F79EFBC}") = "ProductApi", "ProductApi\ProductApi.csproj", "{04B7E228-CD4A-4673-BB7A-3515D2534C30}"
EndProject
Global
	GlobalSection(SolutionConfigurationPlatforms) = preSolution
		Debug|Any CPU = Debug|Any CPU
		Release|Any CPU = Release|Any CPU
	EndGlobalSection
	GlobalSection(ProjectConfigurationPlatforms) = postSolution
		{04B7E228-CD4A-4673-BB7A-3515D2534C30}.Debug|Any CPU.ActiveCfg = Debug|Any CPU
		{04B7E228-CD4A-4673-BB7A-3515D2534C30}.Debug|Any CPU.Build.0 = Debug|Any CPU
		{04B7E228-CD4A-4673-BB7A-3515D2534C30}.Release|Any CPU.ActiveCfg = Release|Any CPU
		{04B7E228-CD4A-4673-BB7A-3515D2534C30}.Release|Any CPU.Build.0 = Release|Any CPU
	EndGlobalSection
	GlobalSection(SolutionProperties) = preSolution
		HideSolutionNode = FALSE
	EndGlobalSection
	GlobalSection(ExtensibilityGlobals) = postSolution
		SolutionGuid = {9E26FA18-13E4-4D1D-99DE-A559AEF3DDDE}
	EndGlobalSection
EndGlobal
