
Microsoft Visual Studio Solution File, Format Version 12.00
# Visual Studio Version 17
VisualStudioVersion = 17.14.36623.8 d17.14
MinimumVisualStudioVersion = 10.0.40219.1
Project("{FAE04EC0-301F-11D3-BF4B-00C04F79EFBC}") = "WebAPIMethods", "WebAPIMethods\WebAPIMethods.csproj", "{0D28396E-B19D-4998-9F57-5CFEACE51A7A}"
EndProject
Global
	GlobalSection(SolutionConfigurationPlatforms) = preSolution
		Debug|Any CPU = Debug|Any CPU
		Release|Any CPU = Release|Any CPU
	EndGlobalSection
	GlobalSection(ProjectConfigurationPlatforms) = postSolution
		{0D28396E-B19D-4998-9F57-5CFEACE51A7A}.Debug|Any CPU.ActiveCfg = Debug|Any CPU
		{0D28396E-B19D-4998-9F57-5CFEACE51A7A}.Debug|Any CPU.Build.0 = Debug|Any CPU
		{0D28396E-B19D-4998-9F57-5CFEACE51A7A}.Release|Any CPU.ActiveCfg = Release|Any CPU
		{0D28396E-B19D-4998-9F57-5CFEACE51A7A}.Release|Any CPU.Build.0 = Release|Any CPU
	EndGlobalSection
	GlobalSection(SolutionProperties) = preSolution
		HideSolutionNode = FALSE
	EndGlobalSection
	GlobalSection(ExtensibilityGlobals) = postSolution
		SolutionGuid = {27250B94-413F-4EF9-96A7-1148E6FEA3AE}
	EndGlobalSection
EndGlobal
