
Microsoft Visual Studio Solution File, Format Version 12.00
# Visual Studio Version 17
VisualStudioVersion = 17.12.35707.178 d17.12
MinimumVisualStudioVersion = 10.0.40219.1
Project("{FAE04EC0-301F-11D3-BF4B-00C04F79EFBC}") = "ZipExtractor", "ZipExtractor\ZipExtractor.csproj", "{F358FD9D-3963-4A40-BBD6-C21905D44324}"
EndProject
Global
	GlobalSection(SolutionConfigurationPlatforms) = preSolution
		Debug|Any CPU = Debug|Any CPU
		Release|Any CPU = Release|Any CPU
	EndGlobalSection
	GlobalSection(ProjectConfigurationPlatforms) = postSolution
		{F358FD9D-3963-4A40-BBD6-C21905D44324}.Debug|Any CPU.ActiveCfg = Debug|Any CPU
		{F358FD9D-3963-4A40-BBD6-C21905D44324}.Debug|Any CPU.Build.0 = Debug|Any CPU
		{F358FD9D-3963-4A40-BBD6-C21905D44324}.Release|Any CPU.ActiveCfg = Release|Any CPU
		{F358FD9D-3963-4A40-BBD6-C21905D44324}.Release|Any CPU.Build.0 = Release|Any CPU
	EndGlobalSection
	GlobalSection(SolutionProperties) = preSolution
		HideSolutionNode = FALSE
	EndGlobalSection
EndGlobal
