
Microsoft Visual Studio Solution File, Format Version 12.00
# Visual Studio Version 17
VisualStudioVersion = 17.14.36623.8 d17.14
MinimumVisualStudioVersion = 10.0.40219.1
Project("{FAE04EC0-301F-11D3-BF4B-00C04F79EFBC}") = "3TierArchitecture.Web", "3TierArchitecture.Web\3TierArchitecture.Web.csproj", "{51249653-B79F-45F3-A5AB-D0192349D0ED}"
EndProject
Project("{FAE04EC0-301F-11D3-BF4B-00C04F79EFBC}") = "3TierArchitecture.DataAccess", "3TierArchitecture.DataAccess\3TierArchitecture.DataAccess.csproj", "{43C15789-19DD-4E11-8982-8F3678EF09D4}"
EndProject
Project("{FAE04EC0-301F-11D3-BF4B-00C04F79EFBC}") = "3TierArchitecture.Model", "3TierArchitecture.Model\3TierArchitecture.Model.csproj", "{DA3D7BC0-DD98-4646-9CB7-DDE05D4E76D6}"
EndProject
Global
	GlobalSection(SolutionConfigurationPlatforms) = preSolution
		Debug|Any CPU = Debug|Any CPU
		Release|Any CPU = Release|Any CPU
	EndGlobalSection
	GlobalSection(ProjectConfigurationPlatforms) = postSolution
		{51249653-B79F-45F3-A5AB-D0192349D0ED}.Debug|Any CPU.ActiveCfg = Debug|Any CPU
		{51249653-B79F-45F3-A5AB-D0192349D0ED}.Debug|Any CPU.Build.0 = Debug|Any CPU
		{51249653-B79F-45F3-A5AB-D0192349D0ED}.Release|Any CPU.ActiveCfg = Release|Any CPU
		{51249653-B79F-45F3-A5AB-D0192349D0ED}.Release|Any CPU.Build.0 = Release|Any CPU
		{43C15789-19DD-4E11-8982-8F3678EF09D4}.Debug|Any CPU.ActiveCfg = Debug|Any CPU
		{43C15789-19DD-4E11-8982-8F3678EF09D4}.Debug|Any CPU.Build.0 = Debug|Any CPU
		{43C15789-19DD-4E11-8982-8F3678EF09D4}.Release|Any CPU.ActiveCfg = Release|Any CPU
		{43C15789-19DD-4E11-8982-8F3678EF09D4}.Release|Any CPU.Build.0 = Release|Any CPU
		{DA3D7BC0-DD98-4646-9CB7-DDE05D4E76D6}.Debug|Any CPU.ActiveCfg = Debug|Any CPU
		{DA3D7BC0-DD98-4646-9CB7-DDE05D4E76D6}.Debug|Any CPU.Build.0 = Debug|Any CPU
		{DA3D7BC0-DD98-4646-9CB7-DDE05D4E76D6}.Release|Any CPU.ActiveCfg = Release|Any CPU
		{DA3D7BC0-DD98-4646-9CB7-DDE05D4E76D6}.Release|Any CPU.Build.0 = Release|Any CPU
	EndGlobalSection
	GlobalSection(SolutionProperties) = preSolution
		HideSolutionNode = FALSE
	EndGlobalSection
	GlobalSection(ExtensibilityGlobals) = postSolution
		SolutionGuid = {818AE108-65C6-478C-A25E-ABE9E994F2F2}
	EndGlobalSection
EndGlobal
