
Microsoft Visual Studio Solution File, Format Version 12.00
# Visual Studio Version 17
VisualStudioVersion = 17.14.36623.8
MinimumVisualStudioVersion = 10.0.40219.1
Project("{FAE04EC0-301F-11D3-BF4B-00C04F79EFBC}") = "RepositoryPatternDemo", "RepositoryPatternDemo\RepositoryPatternDemo.csproj", "{ABF93CD5-7ECC-466A-997B-5DE5C3817BED}"
EndProject
Project("{FAE04EC0-301F-11D3-BF4B-00C04F79EFBC}") = "RepositoryPatternDemo.Tests", "RepositoryPatternDemo.Tests\RepositoryPatternDemo.Tests.csproj", "{6AFD7ED2-9E40-41A6-B6FE-6C21F880344C}"
EndProject
Global
	GlobalSection(SolutionConfigurationPlatforms) = preSolution
		Debug|Any CPU = Debug|Any CPU
		Release|Any CPU = Release|Any CPU
	EndGlobalSection
	GlobalSection(ProjectConfigurationPlatforms) = postSolution
		{ABF93CD5-7ECC-466A-997B-5DE5C3817BED}.Debug|Any CPU.ActiveCfg = Debug|Any CPU
		{ABF93CD5-7ECC-466A-997B-5DE5C3817BED}.Debug|Any CPU.Build.0 = Debug|Any CPU
		{ABF93CD5-7ECC-466A-997B-5DE5C3817BED}.Release|Any CPU.ActiveCfg = Release|Any CPU
		{ABF93CD5-7ECC-466A-997B-5DE5C3817BED}.Release|Any CPU.Build.0 = Release|Any CPU
		{6AFD7ED2-9E40-41A6-B6FE-6C21F880344C}.Debug|Any CPU.ActiveCfg = Debug|Any CPU
		{6AFD7ED2-9E40-41A6-B6FE-6C21F880344C}.Debug|Any CPU.Build.0 = Debug|Any CPU
		{6AFD7ED2-9E40-41A6-B6FE-6C21F880344C}.Release|Any CPU.ActiveCfg = Release|Any CPU
		{6AFD7ED2-9E40-41A6-B6FE-6C21F880344C}.Release|Any CPU.Build.0 = Release|Any CPU
	EndGlobalSection
	GlobalSection(SolutionProperties) = preSolution
		HideSolutionNode = FALSE
	EndGlobalSection
	GlobalSection(ExtensibilityGlobals) = postSolution
		SolutionGuid = {2DA2DADF-6F97-45A3-8388-B8FAB5154145}
	EndGlobalSection
EndGlobal
